
Microsoft Visual Studio Solution File, Format Version 12.00
# Visual Studio Version 17
VisualStudioVersion = 17.3.32901.215
MinimumVisualStudioVersion = 10.0.40219.1
Project("{FAE04EC0-301F-11D3-BF4B-00C04F79EFBC}") = "P3_2_1214074", "P3_2_1214074\P3_2_1214074.csproj", "{D246C276-1D60-492A-8312-321636875E3B}"
EndProject
Global
	GlobalSection(SolutionConfigurationPlatforms) = preSolution
		Debug|Any CPU = Debug|Any CPU
		Release|Any CPU = Release|Any CPU
	EndGlobalSection
	GlobalSection(ProjectConfigurationPlatforms) = postSolution
		{D246C276-1D60-492A-8312-321636875E3B}.Debug|Any CPU.ActiveCfg = Debug|Any CPU
		{D246C276-1D60-492A-8312-321636875E3B}.Debug|Any CPU.Build.0 = Debug|Any CPU
		{D246C276-1D60-492A-8312-321636875E3B}.Release|Any CPU.ActiveCfg = Release|Any CPU
		{D246C276-1D60-492A-8312-321636875E3B}.Release|Any CPU.Build.0 = Release|Any CPU
	EndGlobalSection
	GlobalSection(SolutionProperties) = preSolution
		HideSolutionNode = FALSE
	EndGlobalSection
	GlobalSection(ExtensibilityGlobals) = postSolution
		SolutionGuid = {28E460C9-BC50-478C-B77C-D0072CDB655C}
	EndGlobalSection
EndGlobal
